
Microsoft Visual Studio Solution File, Format Version 12.00
Project("{FAE04EC0-301F-11D3-BF4B-00C04F79EFBC}") = "Dijkstra", "Dijkstra\Dijkstra.csproj", "{DD5EDC9A-4244-4656-A475-8E04E7D97150}"
EndProject
Project("{2150E333-8FDC-42A3-9474-1A3956D46DE8}") = "SolutionFolder", "SolutionFolder", "{DE2BAC0C-337A-4E26-A5F9-504C519A71B0}"
	ProjectSection(SolutionItems) = preProject
		.gitignore = .gitignore
	EndProjectSection
EndProject
Global
	GlobalSection(SolutionConfigurationPlatforms) = preSolution
		Debug|Any CPU = Debug|Any CPU
		Release|Any CPU = Release|Any CPU
	EndGlobalSection
	GlobalSection(ProjectConfigurationPlatforms) = postSolution
		{DD5EDC9A-4244-4656-A475-8E04E7D97150}.Debug|Any CPU.ActiveCfg = Debug|Any CPU
		{DD5EDC9A-4244-4656-A475-8E04E7D97150}.Debug|Any CPU.Build.0 = Debug|Any CPU
		{DD5EDC9A-4244-4656-A475-8E04E7D97150}.Release|Any CPU.ActiveCfg = Release|Any CPU
		{DD5EDC9A-4244-4656-A475-8E04E7D97150}.Release|Any CPU.Build.0 = Release|Any CPU
	EndGlobalSection
EndGlobal
